version: 2.0
shards:
  discordcr:
    git: https://github.com/shardlab/discordcr.git
    version: 0.4.0+git.commit.c0adeeacd5ac9e1faba29cc65f4bb1435e4b9865

  i18n:
    git: https://github.com/crimson-knight/i18n.cr.git
    version: 0.4.0

  spectator:
    git: https://gitlab.com/arctic-fox/spectator.git
    version: 0.9.36

