version: 2.0
shards:
  discordcr:
    git: https://github.com/fizvlad/discordcr.git
    version: 0.4.0+git.commit.350a86ad7906f0307ef41de8d0835ac136877186

  i18n:
    git: https://github.com/crimson-knight/i18n.cr.git
    version: 0.4.1

  spectator:
    git: https://gitlab.com/arctic-fox/spectator.git
    version: 0.9.40

